
Microsoft Visual Studio Solution File, Format Version 12.00
# Visual Studio Version 17
VisualStudioVersion = 17.9.34616.47
MinimumVisualStudioVersion = 10.0.40219.1
Project("{9A19103F-16F7-4668-BE54-9A1E7A4F7556}") = "GamesLibrary", "SteamWPF\GamesLibrary.csproj", "{F9F8B9AD-1F72-4E6A-AB72-537D338A08A0}"
EndProject
Project("{9A19103F-16F7-4668-BE54-9A1E7A4F7556}") = "SteamExplorer", "SteamExplorer\SteamExplorer.csproj", "{786717FA-897B-47E8-93C4-AF61EA081836}"
EndProject
Project("{9A19103F-16F7-4668-BE54-9A1E7A4F7556}") = "UsersLibrary", "UsersLibrary\UsersLibrary.csproj", "{607F6A7B-3B3D-478C-9A9C-554B9E5072C4}"
EndProject
Global
	GlobalSection(SolutionConfigurationPlatforms) = preSolution
		Debug|Any CPU = Debug|Any CPU
		Release|Any CPU = Release|Any CPU
	EndGlobalSection
	GlobalSection(ProjectConfigurationPlatforms) = postSolution
		{F9F8B9AD-1F72-4E6A-AB72-537D338A08A0}.Debug|Any CPU.ActiveCfg = Debug|Any CPU
		{F9F8B9AD-1F72-4E6A-AB72-537D338A08A0}.Debug|Any CPU.Build.0 = Debug|Any CPU
		{F9F8B9AD-1F72-4E6A-AB72-537D338A08A0}.Release|Any CPU.ActiveCfg = Release|Any CPU
		{F9F8B9AD-1F72-4E6A-AB72-537D338A08A0}.Release|Any CPU.Build.0 = Release|Any CPU
		{786717FA-897B-47E8-93C4-AF61EA081836}.Debug|Any CPU.ActiveCfg = Debug|Any CPU
		{786717FA-897B-47E8-93C4-AF61EA081836}.Debug|Any CPU.Build.0 = Debug|Any CPU
		{786717FA-897B-47E8-93C4-AF61EA081836}.Release|Any CPU.ActiveCfg = Release|Any CPU
		{786717FA-897B-47E8-93C4-AF61EA081836}.Release|Any CPU.Build.0 = Release|Any CPU
		{607F6A7B-3B3D-478C-9A9C-554B9E5072C4}.Debug|Any CPU.ActiveCfg = Debug|Any CPU
		{607F6A7B-3B3D-478C-9A9C-554B9E5072C4}.Debug|Any CPU.Build.0 = Debug|Any CPU
		{607F6A7B-3B3D-478C-9A9C-554B9E5072C4}.Release|Any CPU.ActiveCfg = Release|Any CPU
		{607F6A7B-3B3D-478C-9A9C-554B9E5072C4}.Release|Any CPU.Build.0 = Release|Any CPU
	EndGlobalSection
	GlobalSection(SolutionProperties) = preSolution
		HideSolutionNode = FALSE
	EndGlobalSection
	GlobalSection(ExtensibilityGlobals) = postSolution
		SolutionGuid = {AA071EA7-5DAA-4EEB-A177-056A400E1D3B}
	EndGlobalSection
EndGlobal
